
Microsoft Visual Studio Solution File, Format Version 12.00
# Visual Studio 15
Project("{FAE04EC0-301F-11D3-BF4B-00C04F79EFBC}") = "Assembly-CSharp", "Assembly-CSharp.csproj", "{1590E33F-6842-6346-86BC-44AA78761144}"
EndProject
Project("{FAE04EC0-301F-11D3-BF4B-00C04F79EFBC}") = "Assembly-CSharp-firstpass", "Assembly-CSharp-firstpass.csproj", "{4482ED1B-9096-BF7B-359E-45794BD9AEC1}"
EndProject
Global
	GlobalSection(SolutionConfigurationPlatforms) = preSolution
		Debug|Any CPU = Debug|Any CPU
		Release|Any CPU = Release|Any CPU
	EndGlobalSection
	GlobalSection(ProjectConfigurationPlatforms) = postSolution
		{1590E33F-6842-6346-86BC-44AA78761144}.Debug|Any CPU.ActiveCfg = Debug|Any CPU
		{1590E33F-6842-6346-86BC-44AA78761144}.Debug|Any CPU.Build.0 = Debug|Any CPU
		{1590E33F-6842-6346-86BC-44AA78761144}.Release|Any CPU.ActiveCfg = Release|Any CPU
		{1590E33F-6842-6346-86BC-44AA78761144}.Release|Any CPU.Build.0 = Release|Any CPU
		{4482ED1B-9096-BF7B-359E-45794BD9AEC1}.Debug|Any CPU.ActiveCfg = Debug|Any CPU
		{4482ED1B-9096-BF7B-359E-45794BD9AEC1}.Debug|Any CPU.Build.0 = Debug|Any CPU
		{4482ED1B-9096-BF7B-359E-45794BD9AEC1}.Release|Any CPU.ActiveCfg = Release|Any CPU
		{4482ED1B-9096-BF7B-359E-45794BD9AEC1}.Release|Any CPU.Build.0 = Release|Any CPU
	EndGlobalSection
	GlobalSection(SolutionProperties) = preSolution
		HideSolutionNode = FALSE
	EndGlobalSection
EndGlobal
